
Microsoft Visual Studio Solution File, Format Version 12.00
# Visual Studio Version 16
VisualStudioVersion = 16.0.31613.86
MinimumVisualStudioVersion = 10.0.40219.1
Project("{9A19103F-16F7-4668-BE54-9A1E7A4F7556}") = "Engineer.AddProfileService", "Engineer.AddProfileService\Engineer.AddProfileService.csproj", "{91DA777E-050C-4CC6-948C-6E900FEF8D6C}"
EndProject
Project("{FAE04EC0-301F-11D3-BF4B-00C04F79EFBC}") = "Engineer.AddProfileService.Test", "Engineer.AddProfileService.Test\Engineer.AddProfileService.Test.csproj", "{6176C8FA-612E-4D4A-9D97-73D28054C290}"
EndProject
Global
	GlobalSection(SolutionConfigurationPlatforms) = preSolution
		Debug|Any CPU = Debug|Any CPU
		Release|Any CPU = Release|Any CPU
	EndGlobalSection
	GlobalSection(ProjectConfigurationPlatforms) = postSolution
		{91DA777E-050C-4CC6-948C-6E900FEF8D6C}.Debug|Any CPU.ActiveCfg = Debug|Any CPU
		{91DA777E-050C-4CC6-948C-6E900FEF8D6C}.Debug|Any CPU.Build.0 = Debug|Any CPU
		{91DA777E-050C-4CC6-948C-6E900FEF8D6C}.Release|Any CPU.ActiveCfg = Release|Any CPU
		{91DA777E-050C-4CC6-948C-6E900FEF8D6C}.Release|Any CPU.Build.0 = Release|Any CPU
		{6176C8FA-612E-4D4A-9D97-73D28054C290}.Debug|Any CPU.ActiveCfg = Debug|Any CPU
		{6176C8FA-612E-4D4A-9D97-73D28054C290}.Debug|Any CPU.Build.0 = Debug|Any CPU
		{6176C8FA-612E-4D4A-9D97-73D28054C290}.Release|Any CPU.ActiveCfg = Release|Any CPU
		{6176C8FA-612E-4D4A-9D97-73D28054C290}.Release|Any CPU.Build.0 = Release|Any CPU
	EndGlobalSection
	GlobalSection(SolutionProperties) = preSolution
		HideSolutionNode = FALSE
	EndGlobalSection
	GlobalSection(ExtensibilityGlobals) = postSolution
		SolutionGuid = {4A40F9FB-3B86-4B25-817E-AC4EEA11A4FB}
	EndGlobalSection
EndGlobal
